// !$*UTF8*$!
{
	archiveVersion = 1;
	classes = {
	};
	objectVersion = 46;
	objects = {

/* Begin PBXBuildFile section */
		3C06226F1E681027009D65DE /* main.m in Sources */ = {isa = PBXBuildFile; fileRef = 3C06226E1E681027009D65DE /* main.m */; };
		3C0622721E681027009D65DE /* AppDelegate.m in Sources */ = {isa = PBXBuildFile; fileRef = 3C0622711E681027009D65DE /* AppDelegate.m */; };
		3C0622751E681027009D65DE /* ViewController.m in Sources */ = {isa = PBXBuildFile; fileRef = 3C0622741E681027009D65DE /* ViewController.m */; };
		3C0622781E681027009D65DE /* Main.storyboard in Resources */ = {isa = PBXBuildFile; fileRef = 3C0622761E681027009D65DE /* Main.storyboard */; };
		3C06227A1E681027009D65DE /* Assets.xcassets in Resources */ = {isa = PBXBuildFile; fileRef = 3C0622791E681027009D65DE /* Assets.xcassets */; };
		3C06227D1E681027009D65DE /* LaunchScreen.storyboard in Resources */ = {isa = PBXBuildFile; fileRef = 3C06227B1E681027009D65DE /* LaunchScreen.storyboard */; };
		3C0622881E681027009D65DE /* MoveCellTests.m in Sources */ = {isa = PBXBuildFile; fileRef = 3C0622871E681027009D65DE /* MoveCellTests.m */; };
		3C0622931E681027009D65DE /* MoveCellUITests.m in Sources */ = {isa = PBXBuildFile; fileRef = 3C0622921E681027009D65DE /* MoveCellUITests.m */; };
		3C0622A21E68106A009D65DE /* ZFTableView.m in Sources */ = {isa = PBXBuildFile; fileRef = 3C0622A11E68106A009D65DE /* ZFTableView.m */; };
/* End PBXBuildFile section */

/* Begin PBXContainerItemProxy section */
		3C0622841E681027009D65DE /* PBXContainerItemProxy */ = {
			isa = PBXContainerItemProxy;
			containerPortal = 3C0622621E681027009D65DE /* Project object */;
			proxyType = 1;
			remoteGlobalIDString = 3C0622691E681027009D65DE;
			remoteInfo = MoveCell;
		};
		3C06228F1E681027009D65DE /* PBXContainerItemProxy */ = {
			isa = PBXContainerItemProxy;
			containerPortal = 3C0622621E681027009D65DE /* Project object */;
			proxyType = 1;
			remoteGlobalIDString = 3C0622691E681027009D65DE;
			remoteInfo = MoveCell;
		};
/* End PBXContainerItemProxy section */

/* Begin PBXFileReference section */
		3C06226A1E681027009D65DE /* MoveCell.app */ = {isa = PBXFileReference; explicitFileType = wrapper.application; includeInIndex = 0; path = MoveCell.app; sourceTree = BUILT_PRODUCTS_DIR; };
		3C06226E1E681027009D65DE /* main.m */ = {isa = PBXFileReference; lastKnownFileType = sourcecode.c.objc; path = main.m; sourceTree = "<group>"; };
		3C0622701E681027009D65DE /* AppDelegate.h */ = {isa = PBXFileReference; lastKnownFileType = sourcecode.c.h; path = AppDelegate.h; sourceTree = "<group>"; };
		3C0622711E681027009D65DE /* AppDelegate.m */ = {isa = PBXFileReference; lastKnownFileType = sourcecode.c.objc; path = AppDelegate.m; sourceTree = "<group>"; };
		3C0622731E681027009D65DE /* ViewController.h */ = {isa = PBXFileReference; lastKnownFileType = sourcecode.c.h; path = ViewController.h; sourceTree = "<group>"; };
		3C0622741E681027009D65DE /* ViewController.m */ = {isa = PBXFileReference; lastKnownFileType = sourcecode.c.objc; path = ViewController.m; sourceTree = "<group>"; };
		3C0622771E681027009D65DE /* Base */ = {isa = PBXFileReference; lastKnownFileType = file.storyboard; name = Base; path = Base.lproj/Main.storyboard; sourceTree = "<group>"; };
		3C0622791E681027009D65DE /* Assets.xcassets */ = {isa = PBXFileReference; lastKnownFileType = folder.assetcatalog; path = Assets.xcassets; sourceTree = "<group>"; };
		3C06227C1E681027009D65DE /* Base */ = {isa = PBXFileReference; lastKnownFileType = file.storyboard; name = Base; path = Base.lproj/LaunchScreen.storyboard; sourceTree = "<group>"; };
		3C06227E1E681027009D65DE /* Info.plist */ = {isa = PBXFileReference; lastKnownFileType = text.plist.xml; path = Info.plist; sourceTree = "<group>"; };
		3C0622831E681027009D65DE /* MoveCellTests.xctest */ = {isa = PBXFileReference; explicitFileType = wrapper.cfbundle; includeInIndex = 0; path = MoveCellTests.xctest; sourceTree = BUILT_PRODUCTS_DIR; };
		3C0622871E681027009D65DE /* MoveCellTests.m */ = {isa = PBXFileReference; lastKnownFileType = sourcecode.c.objc; path = MoveCellTests.m; sourceTree = "<group>"; };
		3C0622891E681027009D65DE /* Info.plist */ = {isa = PBXFileReference; lastKnownFileType = text.plist.xml; path = Info.plist; sourceTree = "<group>"; };
		3C06228E1E681027009D65DE /* MoveCellUITests.xctest */ = {isa = PBXFileReference; explicitFileType = wrapper.cfbundle; includeInIndex = 0; path = MoveCellUITests.xctest; sourceTree = BUILT_PRODUCTS_DIR; };
		3C0622921E681027009D65DE /* MoveCellUITests.m */ = {isa = PBXFileReference; lastKnownFileType = sourcecode.c.objc; path = MoveCellUITests.m; sourceTree = "<group>"; };
		3C0622941E681027009D65DE /* Info.plist */ = {isa = PBXFileReference; lastKnownFileType = text.plist.xml; path = Info.plist; sourceTree = "<group>"; };
		3C0622A01E68106A009D65DE /* ZFTableView.h */ = {isa = PBXFileReference; fileEncoding = 4; lastKnownFileType = sourcecode.c.h; path = ZFTableView.h; sourceTree = "<group>"; };
		3C0622A11E68106A009D65DE /* ZFTableView.m */ = {isa = PBXFileReference; fileEncoding = 4; lastKnownFileType = sourcecode.c.objc; path = ZFTableView.m; sourceTree = "<group>"; };
/* End PBXFileReference section */

/* Begin PBXFrameworksBuildPhase section */
		3C0622671E681027009D65DE /* Frameworks */ = {
			isa = PBXFrameworksBuildPhase;
			buildActionMask = 2147483647;
			files = (
			);
			runOnlyForDeploymentPostprocessing = 0;
		};
		3C0622801E681027009D65DE /* Frameworks */ = {
			isa = PBXFrameworksBuildPhase;
			buildActionMask = 2147483647;
			files = (
			);
			runOnlyForDeploymentPostprocessing = 0;
		};
		3C06228B1E681027009D65DE /* Frameworks */ = {
			isa = PBXFrameworksBuildPhase;
			buildActionMask = 2147483647;
			files = (
			);
			runOnlyForDeploymentPostprocessing = 0;
		};
/* End PBXFrameworksBuildPhase section */

/* Begin PBXGroup section */
		3C0622611E681027009D65DE = {
			isa = PBXGroup;
			children = (
				3C06226C1E681027009D65DE /* MoveCell */,
				3C0622861E681027009D65DE /* MoveCellTests */,
				3C0622911E681027009D65DE /* MoveCellUITests */,
				3C06226B1E681027009D65DE /* Products */,
			);
			sourceTree = "<group>";
		};
		3C06226B1E681027009D65DE /* Products */ = {
			isa = PBXGroup;
			children = (
				3C06226A1E681027009D65DE /* MoveCell.app */,
				3C0622831E681027009D65DE /* MoveCellTests.xctest */,
				3C06228E1E681027009D65DE /* MoveCellUITests.xctest */,
			);
			name = Products;
			sourceTree = "<group>";
		};
		3C06226C1E681027009D65DE /* MoveCell */ = {
			isa = PBXGroup;
			children = (
				3C0622701E681027009D65DE /* AppDelegate.h */,
				3C0622711E681027009D65DE /* AppDelegate.m */,
				3C0622731E681027009D65DE /* ViewController.h */,
				3C0622741E681027009D65DE /* ViewController.m */,
				3C0622A01E68106A009D65DE /* ZFTableView.h */,
				3C0622A11E68106A009D65DE /* ZFTableView.m */,
				3C0622761E681027009D65DE /* Main.storyboard */,
				3C0622791E681027009D65DE /* Assets.xcassets */,
				3C06227B1E681027009D65DE /* LaunchScreen.storyboard */,
				3C06227E1E681027009D65DE /* Info.plist */,
				3C06226D1E681027009D65DE /* Supporting Files */,
			);
			path = MoveCell;
			sourceTree = "<group>";
		};
		3C06226D1E681027009D65DE /* Supporting Files */ = {
			isa = PBXGroup;
			children = (
				3C06226E1E681027009D65DE /* main.m */,
			);
			name = "Supporting Files";
			sourceTree = "<group>";
		};
		3C0622861E681027009D65DE /* MoveCellTests */ = {
			isa = PBXGroup;
			children = (
				3C0622871E681027009D65DE /* MoveCellTests.m */,
				3C0622891E681027009D65DE /* Info.plist */,
			);
			path = MoveCellTests;
			sourceTree = "<group>";
		};
		3C0622911E681027009D65DE /* MoveCellUITests */ = {
			isa = PBXGroup;
			children = (
				3C0622921E681027009D65DE /* MoveCellUITests.m */,
				3C0622941E681027009D65DE /* Info.plist */,
			);
			path = MoveCellUITests;
			sourceTree = "<group>";
		};
/* End PBXGroup section */

/* Begin PBXNativeTarget section */
		3C0622691E681027009D65DE /* MoveCell */ = {
			isa = PBXNativeTarget;
			buildConfigurationList = 3C0622971E681027009D65DE /* Build configuration list for PBXNativeTarget "MoveCell" */;
			buildPhases = (
				3C0622661E681027009D65DE /* Sources */,
				3C0622671E681027009D65DE /* Frameworks */,
				3C0622681E681027009D65DE /* Resources */,
			);
			buildRules = (
			);
			dependencies = (
			);
			name = MoveCell;
			productName = MoveCell;
			productReference = 3C06226A1E681027009D65DE /* MoveCell.app */;
			productType = "com.apple.product-type.application";
		};
		3C0622821E681027009D65DE /* MoveCellTests */ = {
			isa = PBXNativeTarget;
			buildConfigurationList = 3C06229A1E681027009D65DE /* Build configuration list for PBXNativeTarget "MoveCellTests" */;
			buildPhases = (
				3C06227F1E681027009D65DE /* Sources */,
				3C0622801E681027009D65DE /* Frameworks */,
				3C0622811E681027009D65DE /* Resources */,
			);
			buildRules = (
			);
			dependencies = (
				3C0622851E681027009D65DE /* PBXTargetDependency */,
			);
			name = MoveCellTests;
			productName = MoveCellTests;
			productReference = 3C0622831E681027009D65DE /* MoveCellTests.xctest */;
			productType = "com.apple.product-type.bundle.unit-test";
		};
		3C06228D1E681027009D65DE /* MoveCellUITests */ = {
			isa = PBXNativeTarget;
			buildConfigurationList = 3C06229D1E681027009D65DE /* Build configuration list for PBXNativeTarget "MoveCellUITests" */;
			buildPhases = (
				3C06228A1E681027009D65DE /* Sources */,
				3C06228B1E681027009D65DE /* Frameworks */,
				3C06228C1E681027009D65DE /* Resources */,
			);
			buildRules = (
			);
			dependencies = (
				3C0622901E681027009D65DE /* PBXTargetDependency */,
			);
			name = MoveCellUITests;
			productName = MoveCellUITests;
			productReference = 3C06228E1E681027009D65DE /* MoveCellUITests.xctest */;
			productType = "com.apple.product-type.bundle.ui-testing";
		};
/* End PBXNativeTarget section */

/* Begin PBXProject section */
		3C0622621E681027009D65DE /* Project object */ = {
			isa = PBXProject;
			attributes = {
				LastUpgradeCheck = 0810;
				ORGANIZATIONNAME = zf.com;
				TargetAttributes = {
					3C0622691E681027009D65DE = {
						CreatedOnToolsVersion = 8.1;
						DevelopmentTeam = CZHZJ4VRGZ;
						ProvisioningStyle = Automatic;
					};
					3C0622821E681027009D65DE = {
						CreatedOnToolsVersion = 8.1;
						DevelopmentTeam = CZHZJ4VRGZ;
						ProvisioningStyle = Automatic;
						TestTargetID = 3C0622691E681027009D65DE;
					};
					3C06228D1E681027009D65DE = {
						CreatedOnToolsVersion = 8.1;
						DevelopmentTeam = CZHZJ4VRGZ;
						ProvisioningStyle = Automatic;
						TestTargetID = 3C0622691E681027009D65DE;
					};
				};
			};
			buildConfigurationList = 3C0622651E681027009D65DE /* Build configuration list for PBXProject "MoveCell" */;
			compatibilityVersion = "Xcode 3.2";
			developmentRegion = English;
			hasScannedForEncodings = 0;
			knownRegions = (
				en,
				Base,
			);
			mainGroup = 3C0622611E681027009D65DE;
			productRefGroup = 3C06226B1E681027009D65DE /* Products */;
			projectDirPath = "";
			projectRoot = "";
			targets = (
				3C0622691E681027009D65DE /* MoveCell */,
				3C0622821E681027009D65DE /* MoveCellTests */,
				3C06228D1E681027009D65DE /* MoveCellUITests */,
			);
		};
/* End PBXProject section */

/* Begin PBXResourcesBuildPhase section */
		3C0622681E681027009D65DE /* Resources */ = {
			isa = PBXResourcesBuildPhase;
			buildActionMask = 2147483647;
			files = (
				3C06227D1E681027009D65DE /* LaunchScreen.storyboard in Resources */,
				3C06227A1E681027009D65DE /* Assets.xcassets in Resources */,
				3C0622781E681027009D65DE /* Main.storyboard in Resources */,
			);
			runOnlyForDeploymentPostprocessing = 0;
		};
		3C0622811E681027009D65DE /* Resources */ = {
			isa = PBXResourcesBuildPhase;
			buildActionMask = 2147483647;
			files = (
			);
			runOnlyForDeploymentPostprocessing = 0;
		};
		3C06228C1E681027009D65DE /* Resources */ = {
			isa = PBXResourcesBuildPhase;
			buildActionMask = 2147483647;
			files = (
			);
			runOnlyForDeploymentPostprocessing = 0;
		};
/* End PBXResourcesBuildPhase section */

/* Begin PBXSourcesBuildPhase section */
		3C0622661E681027009D65DE /* Sources */ = {
			isa = PBXSourcesBuildPhase;
			buildActionMask = 2147483647;
			files = (
				3C0622751E681027009D65DE /* ViewController.m in Sources */,
				3C0622A21E68106A009D65DE /* ZFTableView.m in Sources */,
				3C0622721E681027009D65DE /* AppDelegate.m in Sources */,
				3C06226F1E681027009D65DE /* main.m in Sources */,
			);
			runOnlyForDeploymentPostprocessing = 0;
		};
		3C06227F1E681027009D65DE /* Sources */ = {
			isa = PBXSourcesBuildPhase;
			buildActionMask = 2147483647;
			files = (
				3C0622881E681027009D65DE /* MoveCellTests.m in Sources */,
			);
			runOnlyForDeploymentPostprocessing = 0;
		};
		3C06228A1E681027009D65DE /* Sources */ = {
			isa = PBXSourcesBuildPhase;
			buildActionMask = 2147483647;
			files = (
				3C0622931E681027009D65DE /* MoveCellUITests.m in Sources */,
			);
			runOnlyForDeploymentPostprocessing = 0;
		};
/* End PBXSourcesBuildPhase section */

/* Begin PBXTargetDependency section */
		3C0622851E681027009D65DE /* PBXTargetDependency */ = {
			isa = PBXTargetDependency;
			target = 3C0622691E681027009D65DE /* MoveCell */;
			targetProxy = 3C0622841E681027009D65DE /* PBXContainerItemProxy */;
		};
		3C0622901E681027009D65DE /* PBXTargetDependency */ = {
			isa = PBXTargetDependency;
			target = 3C0622691E681027009D65DE /* MoveCell */;
			targetProxy = 3C06228F1E681027009D65DE /* PBXContainerItemProxy */;
		};
/* End PBXTargetDependency section */

/* Begin PBXVariantGroup section */
		3C0622761E681027009D65DE /* Main.storyboard */ = {
			isa = PBXVariantGroup;
			children = (
				3C0622771E681027009D65DE /* Base */,
			);
			name = Main.storyboard;
			sourceTree = "<group>";
		};
		3C06227B1E681027009D65DE /* LaunchScreen.storyboard */ = {
			isa = PBXVariantGroup;
			children = (
				3C06227C1E681027009D65DE /* Base */,
			);
			name = LaunchScreen.storyboard;
			sourceTree = "<group>";
		};
/* End PBXVariantGroup section */

/* Begin XCBuildConfiguration section */
		3C0622951E681027009D65DE /* Debug */ = {
			isa = XCBuildConfiguration;
			buildSettings = {
				ALWAYS_SEARCH_USER_PATHS = NO;
				CLANG_ANALYZER_NONNULL = YES;
				CLANG_CXX_LANGUAGE_STANDARD = "gnu++0x";
				CLANG_CXX_LIBRARY = "libc++";
				CLANG_ENABLE_MODULES = YES;
				CLANG_ENABLE_OBJC_ARC = YES;
				CLANG_WARN_BOOL_CONVERSION = YES;
				CLANG_WARN_CONSTANT_CONVERSION = YES;
				CLANG_WARN_DIRECT_OBJC_ISA_USAGE = YES_ERROR;
				CLANG_WARN_DOCUMENTATION_COMMENTS = YES;
				CLANG_WARN_EMPTY_BODY = YES;
				CLANG_WARN_ENUM_CONVERSION = YES;
				CLANG_WARN_INFINITE_RECURSION = YES;
				CLANG_WARN_INT_CONVERSION = YES;
				CLANG_WARN_OBJC_ROOT_CLASS = YES_ERROR;
				CLANG_WARN_SUSPICIOUS_MOVES = YES;
				CLANG_WARN_UNREACHABLE_CODE = YES;
				CLANG_WARN__DUPLICATE_METHOD_MATCH = YES;
				"CODE_SIGN_IDENTITY[sdk=iphoneos*]" = "iPhone Developer";
				COPY_PHASE_STRIP = NO;
				DEBUG_INFORMATION_FORMAT = dwarf;
				ENABLE_STRICT_OBJC_MSGSEND = YES;
				ENABLE_TESTABILITY = YES;
				GCC_C_LANGUAGE_STANDARD = gnu99;
				GCC_DYNAMIC_NO_PIC = NO;
				GCC_NO_COMMON_BLOCKS = YES;
				GCC_OPTIMIZATION_LEVEL = 0;
				GCC_PREPROCESSOR_DEFINITIONS = (
					"DEBUG=1",
					"$(inherited)",
				);
				GCC_WARN_64_TO_32_BIT_CONVERSION = YES;
				GCC_WARN_ABOUT_RETURN_TYPE = YES_ERROR;
				GCC_WARN_UNDECLARED_SELECTOR = YES;
				GCC_WARN_UNINITIALIZED_AUTOS = YES_AGGRESSIVE;
				GCC_WARN_UNUSED_FUNCTION = YES;
				GCC_WARN_UNUSED_VARIABLE = YES;
				IPHONEOS_DEPLOYMENT_TARGET = 10.1;
				MTL_ENABLE_DEBUG_INFO = YES;
				ONLY_ACTIVE_ARCH = YES;
				SDKROOT = iphoneos;
				TARGETED_DEVICE_FAMILY = "1,2";
			};
			name = Debug;
		};
		3C0622961E681027009D65DE /* Release */ = {
			isa = XCBuildConfiguration;
			buildSettings = {
				ALWAYS_SEARCH_USER_PATHS = NO;
				CLANG_ANALYZER_NONNULL = YES;
				CLANG_CXX_LANGUAGE_STANDARD = "gnu++0x";
				CLANG_CXX_LIBRARY = "libc++";
				CLANG_ENABLE_MODULES = YES;
				CLANG_ENABLE_OBJC_ARC = YES;
				CLANG_WARN_BOOL_CONVERSION = YES;
				CLANG_WARN_CONSTANT_CONVERSION = YES;
				CLANG_WARN_DIRECT_OBJC_ISA_USAGE = YES_ERROR;
				CLANG_WARN_DOCUMENTATION_COMMENTS = YES;
				CLANG_WARN_EMPTY_BODY = YES;
				CLANG_WARN_ENUM_CONVERSION = YES;
				CLANG_WARN_INFINITE_RECURSION = YES;
				CLANG_WARN_INT_CONVERSION = YES;
				CLANG_WARN_OBJC_ROOT_CLASS = YES_ERROR;
				CLANG_WARN_SUSPICIOUS_MOVES = YES;
				CLANG_WARN_UNREACHABLE_CODE = YES;
				CLANG_WARN__DUPLICATE_METHOD_MATCH = YES;
				"CODE_SIGN_IDENTITY[sdk=iphoneos*]" = "iPhone Developer";
				COPY_PHASE_STRIP = NO;
				DEBUG_INFORMATION_FORMAT = "dwarf-with-dsym";
				ENABLE_NS_ASSERTIONS = NO;
				ENABLE_STRICT_OBJC_MSGSEND = YES;
				GCC_C_LANGUAGE_STANDARD = gnu99;
				GCC_NO_COMMON_BLOCKS = YES;
				GCC_WARN_64_TO_32_BIT_CONVERSION = YES;
				GCC_WARN_ABOUT_RETURN_TYPE = YES_ERROR;
				GCC_WARN_UNDECLARED_SELECTOR = YES;
				GCC_WARN_UNINITIALIZED_AUTOS = YES_AGGRESSIVE;
				GCC_WARN_UNUSED_FUNCTION = YES;
				GCC_WARN_UNUSED_VARIABLE = YES;
				IPHONEOS_DEPLOYMENT_TARGET = 10.1;
				MTL_ENABLE_DEBUG_INFO = NO;
				SDKROOT = iphoneos;
				TARGETED_DEVICE_FAMILY = "1,2";
				VALIDATE_PRODUCT = YES;
			};
			name = Release;
		};
		3C0622981E681027009D65DE /* Debug */ = {
			isa = XCBuildConfiguration;
			buildSettings = {
				ASSETCATALOG_COMPILER_APPICON_NAME = AppIcon;
				DEVELOPMENT_TEAM = CZHZJ4VRGZ;
				INFOPLIST_FILE = MoveCell/Info.plist;
				LD_RUNPATH_SEARCH_PATHS = "$(inherited) @executable_path/Frameworks";
				PRODUCT_BUNDLE_IDENTIFIER = com.Transfer.MoveCell;
				PRODUCT_NAME = "$(TARGET_NAME)";
			};
			name = Debug;
		};
		3C0622991E681027009D65DE /* Release */ = {
			isa = XCBuildConfiguration;
			buildSettings = {
				ASSETCATALOG_COMPILER_APPICON_NAME = AppIcon;
				DEVELOPMENT_TEAM = CZHZJ4VRGZ;
				INFOPLIST_FILE = MoveCell/Info.plist;
				LD_RUNPATH_SEARCH_PATHS = "$(inherited) @executable_path/Frameworks";
				PRODUCT_BUNDLE_IDENTIFIER = com.Transfer.MoveCell;
				PRODUCT_NAME = "$(TARGET_NAME)";
			};
			name = Release;
		};
		3C06229B1E681027009D65DE /* Debug */ = {
			isa = XCBuildConfiguration;
			buildSettings = {
				BUNDLE_LOADER = "$(TEST_HOST)";
				DEVELOPMENT_TEAM = CZHZJ4VRGZ;
				INFOPLIST_FILE = MoveCellTests/Info.plist;
				LD_RUNPATH_SEARCH_PATHS = "$(inherited) @executable_path/Frameworks @loader_path/Frameworks";
				PRODUCT_BUNDLE_IDENTIFIER = com.Transfer.MoveCellTests;
				PRODUCT_NAME = "$(TARGET_NAME)";
				TEST_HOST = "$(BUILT_PRODUCTS_DIR)/MoveCell.app/MoveCell";
			};
			name = Debug;
		};
		3C06229C1E681027009D65DE /* Release */ = {
			isa = XCBuildConfiguration;
			buildSettings = {
				BUNDLE_LOADER = "$(TEST_HOST)";
				DEVELOPMENT_TEAM = CZHZJ4VRGZ;
				INFOPLIST_FILE = MoveCellTests/Info.plist;
				LD_RUNPATH_SEARCH_PATHS = "$(inherited) @executable_path/Frameworks @loader_path/Frameworks";
				PRODUCT_BUNDLE_IDENTIFIER = com.Transfer.MoveCellTests;
				PRODUCT_NAME = "$(TARGET_NAME)";
				TEST_HOST = "$(BUILT_PRODUCTS_DIR)/MoveCell.app/MoveCell";
			};
			name = Release;
		};
		3C06229E1E681027009D65DE /* Debug */ = {
			isa = XCBuildConfiguration;
			buildSettings = {
				DEVELOPMENT_TEAM = CZHZJ4VRGZ;
				INFOPLIST_FILE = MoveCellUITests/Info.plist;
				LD_RUNPATH_SEARCH_PATHS = "$(inherited) @executable_path/Frameworks @loader_path/Frameworks";
				PRODUCT_BUNDLE_IDENTIFIER = com.Transfer.MoveCellUITests;
				PRODUCT_NAME = "$(TARGET_NAME)";
				TEST_TARGET_NAME = MoveCell;
			};
			name = Debug;
		};
		3C06229F1E681027009D65DE /* Release */ = {
			isa = XCBuildConfiguration;
			buildSettings = {
				DEVELOPMENT_TEAM = CZHZJ4VRGZ;
				INFOPLIST_FILE = MoveCellUITests/Info.plist;
				LD_RUNPATH_SEARCH_PATHS = "$(inherited) @executable_path/Frameworks @loader_path/Frameworks";
				PRODUCT_BUNDLE_IDENTIFIER = com.Transfer.MoveCellUITests;
				PRODUCT_NAME = "$(TARGET_NAME)";
				TEST_TARGET_NAME = MoveCell;
			};
			name = Release;
		};
/* End XCBuildConfiguration section */

/* Begin XCConfigurationList section */
		3C0622651E681027009D65DE /* Build configuration list for PBXProject "MoveCell" */ = {
			isa = XCConfigurationList;
			buildConfigurations = (
				3C0622951E681027009D65DE /* Debug */,
				3C0622961E681027009D65DE /* Release */,
			);
			defaultConfigurationIsVisible = 0;
			defaultConfigurationName = Release;
		};
		3C0622971E681027009D65DE /* Build configuration list for PBXNativeTarget "MoveCell" */ = {
			isa = XCConfigurationList;
			buildConfigurations = (
				3C0622981E681027009D65DE /* Debug */,
				3C0622991E681027009D65DE /* Release */,
			);
			defaultConfigurationIsVisible = 0;
		};
		3C06229A1E681027009D65DE /* Build configuration list for PBXNativeTarget "MoveCellTests" */ = {
			isa = XCConfigurationList;
			buildConfigurations = (
				3C06229B1E681027009D65DE /* Debug */,
				3C06229C1E681027009D65DE /* Release */,
			);
			defaultConfigurationIsVisible = 0;
		};
		3C06229D1E681027009D65DE /* Build configuration list for PBXNativeTarget "MoveCellUITests" */ = {
			isa = XCConfigurationList;
			buildConfigurations = (
				3C06229E1E681027009D65DE /* Debug */,
				3C06229F1E681027009D65DE /* Release */,
			);
			defaultConfigurationIsVisible = 0;
		};
/* End XCConfigurationList section */
	};
	rootObject = 3C0622621E681027009D65DE /* Project object */;
}
